
Microsoft Visual Studio Solution File, Format Version 12.00
# Visual Studio Version 16
VisualStudioVersion = 16.0.30413.136
MinimumVisualStudioVersion = 10.0.40219.1
Project("{FAE04EC0-301F-11D3-BF4B-00C04F79EFBC}") = "PuttyWrapper", "PuttyWrapper.csproj", "{D1A171F7-5F86-4C09-8BA5-69D5BFED7102}"
EndProject
Global
	GlobalSection(SolutionConfigurationPlatforms) = preSolution
		Debug|Any CPU = Debug|Any CPU
		Release|Any CPU = Release|Any CPU
	EndGlobalSection
	GlobalSection(ProjectConfigurationPlatforms) = postSolution
		{D1A171F7-5F86-4C09-8BA5-69D5BFED7102}.Debug|Any CPU.ActiveCfg = Debug|Any CPU
		{D1A171F7-5F86-4C09-8BA5-69D5BFED7102}.Debug|Any CPU.Build.0 = Debug|Any CPU
		{D1A171F7-5F86-4C09-8BA5-69D5BFED7102}.Release|Any CPU.ActiveCfg = Release|Any CPU
		{D1A171F7-5F86-4C09-8BA5-69D5BFED7102}.Release|Any CPU.Build.0 = Release|Any CPU
	EndGlobalSection
	GlobalSection(SolutionProperties) = preSolution
		HideSolutionNode = FALSE
	EndGlobalSection
	GlobalSection(ExtensibilityGlobals) = postSolution
		SolutionGuid = {5204AB07-1F84-41DD-BB83-D172392D8692}
	EndGlobalSection
EndGlobal
